
Microsoft Visual Studio Solution File, Format Version 12.00
# Visual Studio Version 16
VisualStudioVersion = 16.0.30225.117
MinimumVisualStudioVersion = 10.0.40219.1
Project("{FAE04EC0-301F-11D3-BF4B-00C04F79EFBC}") = "BankApplication", "BankApplication\BankApplication.csproj", "{5F3265A2-287B-4176-B037-0258323206A9}"
EndProject
Project("{FAE04EC0-301F-11D3-BF4B-00C04F79EFBC}") = "BankLibrary", "BankLibrary\BankLibrary.csproj", "{4C304B6C-F8A1-45A5-BBBF-0842C9137F52}"
EndProject
Global
	GlobalSection(SolutionConfigurationPlatforms) = preSolution
		Debug|Any CPU = Debug|Any CPU
		Release|Any CPU = Release|Any CPU
	EndGlobalSection
	GlobalSection(ProjectConfigurationPlatforms) = postSolution
		{5F3265A2-287B-4176-B037-0258323206A9}.Debug|Any CPU.ActiveCfg = Debug|Any CPU
		{5F3265A2-287B-4176-B037-0258323206A9}.Debug|Any CPU.Build.0 = Debug|Any CPU
		{5F3265A2-287B-4176-B037-0258323206A9}.Release|Any CPU.ActiveCfg = Release|Any CPU
		{5F3265A2-287B-4176-B037-0258323206A9}.Release|Any CPU.Build.0 = Release|Any CPU
		{4C304B6C-F8A1-45A5-BBBF-0842C9137F52}.Debug|Any CPU.ActiveCfg = Debug|Any CPU
		{4C304B6C-F8A1-45A5-BBBF-0842C9137F52}.Debug|Any CPU.Build.0 = Debug|Any CPU
		{4C304B6C-F8A1-45A5-BBBF-0842C9137F52}.Release|Any CPU.ActiveCfg = Release|Any CPU
		{4C304B6C-F8A1-45A5-BBBF-0842C9137F52}.Release|Any CPU.Build.0 = Release|Any CPU
	EndGlobalSection
	GlobalSection(SolutionProperties) = preSolution
		HideSolutionNode = FALSE
	EndGlobalSection
	GlobalSection(ExtensibilityGlobals) = postSolution
		SolutionGuid = {221F0897-A307-46AC-A1D9-0F5D88074E24}
	EndGlobalSection
EndGlobal
